PODS:
  - Adjust (5.4.6):
    - Adjust/Adjust (= 5.4.6)
  - Adjust/Adjust (5.4.6):
    - AdjustSignature (= 3.61.0)
  - adjust_sdk (5.4.5):
    - Adjust (= 5.4.6)
    - Flutter
  - AdjustSignature (3.61.0)
  - Ads-Global (7.8.0.3):
    - Ads-Global/BUAdSDK (= 7.8.0.3)
  - Ads-Global/BUAdSDK (7.8.0.3):
    - Ads-Global/PangleSDK
    - Ads-Global/TikTokBusinessSDK
  - Ads-Global/PangleSDK (7.8.0.3)
  - Ads-Global/TikTokBusinessSDK (7.8.0.3)
  - ads_tracking_plugin (0.0.1):
    - facebook_app_events
    - Flutter
    - google_mobile_ads
    - GoogleMobileAdsMediationAppLovin
    - GoogleMobileAdsMediationFacebook
    - GoogleMobileAdsMediationMintegral
    - GoogleMobileAdsMediationPangle
    - GoogleMobileAdsMediationUnity
    - GoogleMobileAdsMediationVungle
  - app_tracking_transparency (0.0.1):
    - Flutter
  - AppLovinSDK (13.5.0)
  - connectivity_plus (0.0.1):
    - Flutter
  - facebook_app_events (0.20.0):
    - FBSDKCoreKit (~> 18.0)
    - Flutter
  - FBAEMKit (18.0.2):
    - FBSDKCoreKit_Basics (= 18.0.2)
  - FBAudienceNetwork (6.21.0)
  - FBSDKCoreKit (18.0.2):
    - FBAEMKit (= 18.0.2)
    - FBSDKCoreKit_Basics (= 18.0.2)
  - FBSDKCoreKit_Basics (18.0.2)
  - Firebase/CoreOnly (12.4.0):
    - FirebaseCore (~> 12.4.0)
  - Firebase/Crashlytics (12.4.0):
    - Firebase/CoreOnly
    - FirebaseCrashlytics (~> 12.4.0)
  - Firebase/RemoteConfig (12.4.0):
    - Firebase/CoreOnly
    - FirebaseRemoteConfig (~> 12.4.0)
  - firebase_analytics (12.0.4):
    - firebase_core
    - FirebaseAnalytics (= 12.4.0)
    - Flutter
  - firebase_core (4.2.1):
    - Firebase/CoreOnly (= 12.4.0)
    - Flutter
  - firebase_crashlytics (5.0.5):
    - Firebase/Crashlytics (= 12.4.0)
    - firebase_core
    - Flutter
  - firebase_remote_config (6.1.2):
    - Firebase/RemoteConfig (= 12.4.0)
    - firebase_core
    - Flutter
  - FirebaseABTesting (12.4.0):
    - FirebaseCore (~> 12.4.0)
  - FirebaseAnalytics (12.4.0):
    - FirebaseAnalytics/Default (= 12.4.0)
    - FirebaseCore (~> 12.4.0)
    - FirebaseInstallations (~> 12.4.0)
    - GoogleUtilities/AppDelegateSwizzler (~> 8.1)
    - GoogleUtilities/MethodSwizzler (~> 8.1)
    - GoogleUtilities/Network (~> 8.1)
    - "GoogleUtilities/NSData+zlib (~> 8.1)"
    - nanopb (~> 3.30910.0)
  - FirebaseAnalytics/Default (12.4.0):
    - FirebaseCore (~> 12.4.0)
    - FirebaseInstallations (~> 12.4.0)
    - GoogleAppMeasurement/Default (= 12.4.0)
    - GoogleUtilities/AppDelegateSwizzler (~> 8.1)
    - GoogleUtilities/MethodSwizzler (~> 8.1)
    - GoogleUtilities/Network (~> 8.1)
    - "GoogleUtilities/NSData+zlib (~> 8.1)"
    - nanopb (~> 3.30910.0)
  - FirebaseCore (12.4.0):
    - FirebaseCoreInternal (~> 12.4.0)
    - GoogleUtilities/Environment (~> 8.1)
    - GoogleUtilities/Logger (~> 8.1)
  - FirebaseCoreExtension (12.4.0):
    - FirebaseCore (~> 12.4.0)
  - FirebaseCoreInternal (12.4.0):
    - "GoogleUtilities/NSData+zlib (~> 8.1)"
  - FirebaseCrashlytics (12.4.0):
    - FirebaseCore (~> 12.4.0)
    - FirebaseInstallations (~> 12.4.0)
    - FirebaseRemoteConfigInterop (~> 12.4.0)
    - FirebaseSessions (~> 12.4.0)
    - GoogleDataTransport (~> 10.1)
    - GoogleUtilities/Environment (~> 8.1)
    - nanopb (~> 3.30910.0)
    - PromisesObjC (~> 2.4)
  - FirebaseInstallations (12.4.0):
    - FirebaseCore (~> 12.4.0)
    - GoogleUtilities/Environment (~> 8.1)
    - GoogleUtilities/UserDefaults (~> 8.1)
    - PromisesObjC (~> 2.4)
  - FirebaseRemoteConfig (12.4.0):
    - FirebaseABTesting (~> 12.4.0)
    - FirebaseCore (~> 12.4.0)
    - FirebaseInstallations (~> 12.4.0)
    - FirebaseRemoteConfigInterop (~> 12.4.0)
    - FirebaseSharedSwift (~> 12.4.0)
    - GoogleUtilities/Environment (~> 8.1)
    - "GoogleUtilities/NSData+zlib (~> 8.1)"
  - FirebaseRemoteConfigInterop (12.4.0)
  - FirebaseSessions (12.4.0):
    - FirebaseCore (~> 12.4.0)
    - FirebaseCoreExtension (~> 12.4.0)
    - FirebaseInstallations (~> 12.4.0)
    - GoogleDataTransport (~> 10.1)
    - GoogleUtilities/Environment (~> 8.1)
    - GoogleUtilities/UserDefaults (~> 8.1)
    - nanopb (~> 3.30910.0)
    - PromisesSwift (~> 2.1)
  - FirebaseSharedSwift (12.4.0)
  - Flutter (1.0.0)
  - flutter_base_tracking (0.0.1):
    - Flutter
  - flutter_secure_storage (6.0.0):
    - Flutter
  - Google-Mobile-Ads-SDK (12.2.0):
    - GoogleUserMessagingPlatform (>= 1.1)
  - google_mobile_ads (6.0.0):
    - Flutter
    - Google-Mobile-Ads-SDK (~> 12.2.0)
    - webview_flutter_wkwebview
  - GoogleAdsOnDeviceConversion (3.1.0):
    - GoogleUtilities/Environment (~> 8.1)
    - GoogleUtilities/Logger (~> 8.1)
    - GoogleUtilities/Network (~> 8.1)
    - nanopb (~> 3.30910.0)
  - GoogleAppMeasurement/Core (12.4.0):
    - GoogleUtilities/AppDelegateSwizzler (~> 8.1)
    - GoogleUtilities/MethodSwizzler (~> 8.1)
    - GoogleUtilities/Network (~> 8.1)
    - "GoogleUtilities/NSData+zlib (~> 8.1)"
    - nanopb (~> 3.30910.0)
  - GoogleAppMeasurement/Default (12.4.0):
    - GoogleAdsOnDeviceConversion (~> 3.1.0)
    - GoogleAppMeasurement/Core (= 12.4.0)
    - GoogleAppMeasurement/IdentitySupport (= 12.4.0)
    - GoogleUtilities/AppDelegateSwizzler (~> 8.1)
    - GoogleUtilities/MethodSwizzler (~> 8.1)
    - GoogleUtilities/Network (~> 8.1)
    - "GoogleUtilities/NSData+zlib (~> 8.1)"
    - nanopb (~> 3.30910.0)
  - GoogleAppMeasurement/IdentitySupport (12.4.0):
    - GoogleAppMeasurement/Core (= 12.4.0)
    - GoogleUtilities/AppDelegateSwizzler (~> 8.1)
    - GoogleUtilities/MethodSwizzler (~> 8.1)
    - GoogleUtilities/Network (~> 8.1)
    - "GoogleUtilities/NSData+zlib (~> 8.1)"
    - nanopb (~> 3.30910.0)
  - GoogleDataTransport (10.1.0):
    - nanopb (~> 3.30910.0)
    - PromisesObjC (~> 2.4)
  - GoogleMobileAdsMediationAppLovin (13.5.0.0):
    - AppLovinSDK (= 13.5.0)
    - Google-Mobile-Ads-SDK (~> 12.0)
  - GoogleMobileAdsMediationFacebook (6.21.0.0):
    - FBAudienceNetwork (= 6.21.0)
    - Google-Mobile-Ads-SDK (~> 12.0)
  - GoogleMobileAdsMediationMintegral (8.0.3.0):
    - Google-Mobile-Ads-SDK (~> 12.0)
    - MintegralAdSDK/All (= 8.0.3)
  - GoogleMobileAdsMediationPangle (7.8.0.3.0):
    - Ads-Global (= 7.8.0.3)
    - Google-Mobile-Ads-SDK (~> 12.0)
  - GoogleMobileAdsMediationUnity (4.16.4.0):
    - Google-Mobile-Ads-SDK (~> 12.0)
    - UnityAds (= 4.16.4)
  - GoogleMobileAdsMediationVungle (7.6.2.0):
    - Google-Mobile-Ads-SDK (~> 12.0)
    - VungleAds (= 7.6.2)
  - GoogleUserMessagingPlatform (3.1.0)
  - GoogleUtilities/AppDelegateSwizzler (8.1.0):
    - GoogleUtilities/Environment
    - GoogleUtilities/Logger
    - GoogleUtilities/Network
    - GoogleUtilities/Privacy
  - GoogleUtilities/Environment (8.1.0):
    - GoogleUtilities/Privacy
  - GoogleUtilities/Logger (8.1.0):
    - GoogleUtilities/Environment
    - GoogleUtilities/Privacy
  - GoogleUtilities/MethodSwizzler (8.1.0):
    - GoogleUtilities/Logger
    - GoogleUtilities/Privacy
  - GoogleUtilities/Network (8.1.0):
    - GoogleUtilities/Logger
    - "GoogleUtilities/NSData+zlib"
    - GoogleUtilities/Privacy
    - GoogleUtilities/Reachability
  - "GoogleUtilities/NSData+zlib (8.1.0)":
    - GoogleUtilities/Privacy
  - GoogleUtilities/Privacy (8.1.0)
  - GoogleUtilities/Reachability (8.1.0):
    - GoogleUtilities/Logger
    - GoogleUtilities/Privacy
  - GoogleUtilities/UserDefaults (8.1.0):
    - GoogleUtilities/Logger
    - GoogleUtilities/Privacy
  - MintegralAdSDK/All (8.0.3):
    - MintegralAdSDK/BannerAd
    - MintegralAdSDK/BidNativeAd
    - MintegralAdSDK/InterstitialVideoAd
    - MintegralAdSDK/NativeAd
    - MintegralAdSDK/NativeAdvancedAd
    - MintegralAdSDK/NewInterstitialAd
    - MintegralAdSDK/RewardVideoAd
    - MintegralAdSDK/SplashAd
  - MintegralAdSDK/BannerAd (8.0.3):
    - MintegralAdSDK/NativeAd
  - MintegralAdSDK/BidNativeAd (8.0.3):
    - MintegralAdSDK/NativeAd
  - MintegralAdSDK/InterstitialVideoAd (8.0.3):
    - MintegralAdSDK/NativeAd
  - MintegralAdSDK/NativeAd (8.0.3)
  - MintegralAdSDK/NativeAdvancedAd (8.0.3):
    - MintegralAdSDK/NativeAd
  - MintegralAdSDK/NewInterstitialAd (8.0.3):
    - MintegralAdSDK/InterstitialVideoAd
    - MintegralAdSDK/NativeAd
  - MintegralAdSDK/RewardVideoAd (8.0.3):
    - MintegralAdSDK/NativeAd
  - MintegralAdSDK/SplashAd (8.0.3):
    - MintegralAdSDK/NativeAd
  - nanopb (3.30910.0):
    - nanopb/decode (= 3.30910.0)
    - nanopb/encode (= 3.30910.0)
  - nanopb/decode (3.30910.0)
  - nanopb/encode (3.30910.0)
  - path_provider_foundation (0.0.1):
    - Flutter
    - FlutterMacOS
  - permission_handler_apple (9.3.0):
    - Flutter
  - PromisesObjC (2.4.0)
  - PromisesSwift (2.4.0):
    - PromisesObjC (= 2.4.0)
  - purchases_flutter (9.9.9):
    - Flutter
    - PurchasesHybridCommon (= 17.21.0)
  - PurchasesHybridCommon (17.21.0):
    - RevenueCat (= 5.49.0)
  - RevenueCat (5.49.0)
  - share_plus (0.0.1):
    - Flutter
  - shared_preferences_foundation (0.0.1):
    - Flutter
    - FlutterMacOS
  - UnityAds (4.16.4)
  - url_launcher_ios (0.0.1):
    - Flutter
  - VungleAds (7.6.2)
  - webview_flutter_wkwebview (0.0.1):
    - Flutter
    - FlutterMacOS

DEPENDENCIES:
  - adjust_sdk (from `.symlinks/plugins/adjust_sdk/ios`)
  - ads_tracking_plugin (from `.symlinks/plugins/ads_tracking_plugin/ios`)
  - app_tracking_transparency (from `.symlinks/plugins/app_tracking_transparency/ios`)
  - connectivity_plus (from `.symlinks/plugins/connectivity_plus/ios`)
  - facebook_app_events (from `.symlinks/plugins/facebook_app_events/ios`)
  - firebase_analytics (from `.symlinks/plugins/firebase_analytics/ios`)
  - firebase_core (from `.symlinks/plugins/firebase_core/ios`)
  - firebase_crashlytics (from `.symlinks/plugins/firebase_crashlytics/ios`)
  - firebase_remote_config (from `.symlinks/plugins/firebase_remote_config/ios`)
  - Flutter (from `Flutter`)
  - flutter_base_tracking (from `.symlinks/plugins/flutter_base_tracking/ios`)
  - flutter_secure_storage (from `.symlinks/plugins/flutter_secure_storage/ios`)
  - google_mobile_ads (from `.symlinks/plugins/google_mobile_ads/ios`)
  - path_provider_foundation (from `.symlinks/plugins/path_provider_foundation/darwin`)
  - permission_handler_apple (from `.symlinks/plugins/permission_handler_apple/ios`)
  - purchases_flutter (from `.symlinks/plugins/purchases_flutter/ios`)
  - share_plus (from `.symlinks/plugins/share_plus/ios`)
  - shared_preferences_foundation (from `.symlinks/plugins/shared_preferences_foundation/darwin`)
  - url_launcher_ios (from `.symlinks/plugins/url_launcher_ios/ios`)
  - webview_flutter_wkwebview (from `.symlinks/plugins/webview_flutter_wkwebview/darwin`)

SPEC REPOS:
  trunk:
    - Adjust
    - AdjustSignature
    - Ads-Global
    - AppLovinSDK
    - FBAEMKit
    - FBAudienceNetwork
    - FBSDKCoreKit
    - FBSDKCoreKit_Basics
    - Firebase
    - FirebaseABTesting
    - FirebaseAnalytics
    - FirebaseCore
    - FirebaseCoreExtension
    - FirebaseCoreInternal
    - FirebaseCrashlytics
    - FirebaseInstallations
    - FirebaseRemoteConfig
    - FirebaseRemoteConfigInterop
    - FirebaseSessions
    - FirebaseSharedSwift
    - Google-Mobile-Ads-SDK
    - GoogleAdsOnDeviceConversion
    - GoogleAppMeasurement
    - GoogleDataTransport
    - GoogleMobileAdsMediationAppLovin
    - GoogleMobileAdsMediationFacebook
    - GoogleMobileAdsMediationMintegral
    - GoogleMobileAdsMediationPangle
    - GoogleMobileAdsMediationUnity
    - GoogleMobileAdsMediationVungle
    - GoogleUserMessagingPlatform
    - GoogleUtilities
    - MintegralAdSDK
    - nanopb
    - PromisesObjC
    - PromisesSwift
    - PurchasesHybridCommon
    - RevenueCat
    - UnityAds
    - VungleAds

EXTERNAL SOURCES:
  adjust_sdk:
    :path: ".symlinks/plugins/adjust_sdk/ios"
  ads_tracking_plugin:
    :path: ".symlinks/plugins/ads_tracking_plugin/ios"
  app_tracking_transparency:
    :path: ".symlinks/plugins/app_tracking_transparency/ios"
  connectivity_plus:
    :path: ".symlinks/plugins/connectivity_plus/ios"
  facebook_app_events:
    :path: ".symlinks/plugins/facebook_app_events/ios"
  firebase_analytics:
    :path: ".symlinks/plugins/firebase_analytics/ios"
  firebase_core:
    :path: ".symlinks/plugins/firebase_core/ios"
  firebase_crashlytics:
    :path: ".symlinks/plugins/firebase_crashlytics/ios"
  firebase_remote_config:
    :path: ".symlinks/plugins/firebase_remote_config/ios"
  Flutter:
    :path: Flutter
  flutter_base_tracking:
    :path: ".symlinks/plugins/flutter_base_tracking/ios"
  flutter_secure_storage:
    :path: ".symlinks/plugins/flutter_secure_storage/ios"
  google_mobile_ads:
    :path: ".symlinks/plugins/google_mobile_ads/ios"
  path_provider_foundation:
    :path: ".symlinks/plugins/path_provider_foundation/darwin"
  permission_handler_apple:
    :path: ".symlinks/plugins/permission_handler_apple/ios"
  purchases_flutter:
    :path: ".symlinks/plugins/purchases_flutter/ios"
  share_plus:
    :path: ".symlinks/plugins/share_plus/ios"
  shared_preferences_foundation:
    :path: ".symlinks/plugins/shared_preferences_foundation/darwin"
  url_launcher_ios:
    :path: ".symlinks/plugins/url_launcher_ios/ios"
  webview_flutter_wkwebview:
    :path: ".symlinks/plugins/webview_flutter_wkwebview/darwin"

SPEC CHECKSUMS:
  Adjust: 293c828a88a2c280471797edb3e895c80652a786
  adjust_sdk: c4a49624e0afc86cb438579624689e35024dcee1
  AdjustSignature: 94b6b7f7150edbbebc4320eeaddaac881f6e8e2d
  Ads-Global: 88ea47d1dc0774757e1750e2da39a3d64cd786d1
  ads_tracking_plugin: 7f4aef34a3071ee0aba843a3f6944f98a094c000
  app_tracking_transparency: 3d84f147f67ca82d3c15355c36b1fa6b66ca7c92
  AppLovinSDK: bf8974163120910e6b902e9610e7c5a2c0f577b6
  connectivity_plus: cb623214f4e1f6ef8fe7403d580fdad517d2f7dd
  facebook_app_events: cfa07e73912a052992b5f218f79a19a66a99bf1a
  FBAEMKit: 56a4f5a9607957b547b6458b17a98c5bb2736367
  FBAudienceNetwork: f4ab9e073ab98c884dbdb5ffe7c861272b380bc2
  FBSDKCoreKit: 54f1240567e16862ab71c53c33dc347db5c524c5
  FBSDKCoreKit_Basics: eb530cd6a79030dbb11df460aafb2767bcad9028
  Firebase: f07b15ae5a6ec0f93713e30b923d9970d144af3e
  firebase_analytics: 67fbdd9f3c04e55048024f3da21cfc36f05e56cf
  firebase_core: f1aafb21c14f497e5498f7ffc4dc63cbb52b2594
  firebase_crashlytics: c039028126cb45e32f4c217aa392408b0963d081
  firebase_remote_config: c1540fb5adfca6165116fafecf6fcb956b547fb8
  FirebaseABTesting: c05b5ec9f1d9f21a65909525de301d375032d9a4
  FirebaseAnalytics: 0fc2b20091f0ddd21bf73397cf8f0eb5346dc24f
  FirebaseCore: bb595f3114953664e3c1dc032f008a244147cfd3
  FirebaseCoreExtension: 7e1f7118ee970e001a8013719fb90950ee5e0018
  FirebaseCoreInternal: d7f5a043c2cd01a08103ab586587c1468047bca6
  FirebaseCrashlytics: a6ece278a837c7e88de2d9b5da0a3542f2342395
  FirebaseInstallations: ae9f4902cb5bf1d0c5eaa31ec1f4e5495a0714e2
  FirebaseRemoteConfig: 28e071a214ec66cdb113ed9ff4ce63e9abe018db
  FirebaseRemoteConfigInterop: 1e31ec72b89c9924367c59bfb5ec9ab60d1d6766
  FirebaseSessions: ba7c7a7ca8696a8d540eb3fe3800fbe98c79786d
  FirebaseSharedSwift: 93426a1de92f19e1199fac5295a4f8df16458daa
  Flutter: cabc95a1d2626b1b06e7179b784ebcf0c0cde467
  flutter_base_tracking: dffd5b0949177b1adadbca9bafe1a45f0004d645
  flutter_secure_storage: 1ed9476fba7e7a782b22888f956cce43e2c62f13
  Google-Mobile-Ads-SDK: 1dfb0c3cb46c7e2b00b0f4de74a1e06d9ea25d67
  google_mobile_ads: 535223588a6791b7a3cc3513a1bc7b89d12f3e62
  GoogleAdsOnDeviceConversion: e03a386840803ea7eef3fd22a061930142c039c1
  GoogleAppMeasurement: 1e718274b7e015cefd846ac1fcf7820c70dc017d
  GoogleDataTransport: aae35b7ea0c09004c3797d53c8c41f66f219d6a7
  GoogleMobileAdsMediationAppLovin: 56b7465bf2afc594982b7820d8db8ea092a57ffc
  GoogleMobileAdsMediationFacebook: 664fd50364d36531196bf24fe62d2db84cad72d0
  GoogleMobileAdsMediationMintegral: 3be8b053b9414d26175acbff507d3252d7494806
  GoogleMobileAdsMediationPangle: cff5fb55b5f2ebced47a588f3d145e313cc2990e
  GoogleMobileAdsMediationUnity: 51cf06b418e7ff22e74b8e08524e2d0076c1de84
  GoogleMobileAdsMediationVungle: 3cbd203d042b7b474a9dd8240bba9a707baf24e8
  GoogleUserMessagingPlatform: befe603da6501006420c206222acd449bba45a9c
  GoogleUtilities: 00c88b9a86066ef77f0da2fab05f65d7768ed8e1
  MintegralAdSDK: ee093ad2ae9498c8724e4cfffce85f51c780dab6
  nanopb: fad817b59e0457d11a5dfbde799381cd727c1275
  path_provider_foundation: bb55f6dbba17d0dccd6737fe6f7f34fbd0376880
  permission_handler_apple: 4ed2196e43d0651e8ff7ca3483a069d469701f2d
  PromisesObjC: f5707f49cb48b9636751c5b2e7d227e43fba9f47
  PromisesSwift: 9d77319bbe72ebf6d872900551f7eeba9bce2851
  purchases_flutter: 5e1d71c4924f9a9e0dbf39ebc177a4847309d9c3
  PurchasesHybridCommon: 988d080cd69d7aa0895e52f993dae53b45a0e929
  RevenueCat: fa9ad7e1c8817deddb737646946b6b3d8b25f54b
  share_plus: 50da8cb520a8f0f65671c6c6a99b3617ed10a58a
  shared_preferences_foundation: 7036424c3d8ec98dfe75ff1667cb0cd531ec82bb
  UnityAds: 91a5d786c1e79fcbf702c525af4700158aeb36c8
  url_launcher_ios: 7a95fa5b60cc718a708b8f2966718e93db0cef1b
  VungleAds: f0edfe120c864561e3da762a06529edd26b07eef
  webview_flutter_wkwebview: 8ebf4fded22593026f7dbff1fbff31ea98573c8d

PODFILE CHECKSUM: 53a6aebc29ccee84c41f92f409fc20cd4ca011f1

COCOAPODS: 1.16.2
